
Microsoft Visual Studio Solution File, Format Version 12.00
# Visual Studio 2013
VisualStudioVersion = 12.0.31101.0
MinimumVisualStudioVersion = 10.0.40219.1
Project("{FAE04EC0-301F-11D3-BF4B-00C04F79EFBC}") = "01.Ticket-CSS", "01.Ticket-CSS\01.Ticket-CSS.csproj", "{A5F5DC3C-CF7F-4A73-91E2-AE76574205A7}"
EndProject
Project("{FAE04EC0-301F-11D3-BF4B-00C04F79EFBC}") = "02.International-Employees", "02.International-Employees\02.International-Employees.csproj", "{15EADC48-EE7B-4472-9515-8D014A834CCB}"
EndProject
Project("{FAE04EC0-301F-11D3-BF4B-00C04F79EFBC}") = "03.Forum-Posts", "03.Forum-Posts\03.Forum-Posts.csproj", "{190DF06D-9ECC-482C-9B80-9C3A8FC3B790}"
EndProject
Global
	GlobalSection(SolutionConfigurationPlatforms) = preSolution
		Debug|Any CPU = Debug|Any CPU
		Release|Any CPU = Release|Any CPU
	EndGlobalSection
	GlobalSection(ProjectConfigurationPlatforms) = postSolution
		{A5F5DC3C-CF7F-4A73-91E2-AE76574205A7}.Debug|Any CPU.ActiveCfg = Debug|Any CPU
		{A5F5DC3C-CF7F-4A73-91E2-AE76574205A7}.Debug|Any CPU.Build.0 = Debug|Any CPU
		{A5F5DC3C-CF7F-4A73-91E2-AE76574205A7}.Release|Any CPU.ActiveCfg = Release|Any CPU
		{A5F5DC3C-CF7F-4A73-91E2-AE76574205A7}.Release|Any CPU.Build.0 = Release|Any CPU
		{15EADC48-EE7B-4472-9515-8D014A834CCB}.Debug|Any CPU.ActiveCfg = Debug|Any CPU
		{15EADC48-EE7B-4472-9515-8D014A834CCB}.Debug|Any CPU.Build.0 = Debug|Any CPU
		{15EADC48-EE7B-4472-9515-8D014A834CCB}.Release|Any CPU.ActiveCfg = Release|Any CPU
		{15EADC48-EE7B-4472-9515-8D014A834CCB}.Release|Any CPU.Build.0 = Release|Any CPU
		{190DF06D-9ECC-482C-9B80-9C3A8FC3B790}.Debug|Any CPU.ActiveCfg = Debug|Any CPU
		{190DF06D-9ECC-482C-9B80-9C3A8FC3B790}.Debug|Any CPU.Build.0 = Debug|Any CPU
		{190DF06D-9ECC-482C-9B80-9C3A8FC3B790}.Release|Any CPU.ActiveCfg = Release|Any CPU
		{190DF06D-9ECC-482C-9B80-9C3A8FC3B790}.Release|Any CPU.Build.0 = Release|Any CPU
	EndGlobalSection
	GlobalSection(SolutionProperties) = preSolution
		HideSolutionNode = FALSE
	EndGlobalSection
EndGlobal
