
Microsoft Visual Studio Solution File, Format Version 12.00
# Visual Studio 2013
VisualStudioVersion = 12.0.31101.0
MinimumVisualStudioVersion = 10.0.40219.1
Project("{FAE04EC0-301F-11D3-BF4B-00C04F79EFBC}") = "01.SquareRoot", "01.SquareRoot\01.SquareRoot.csproj", "{26125CC7-E422-49BA-BA86-223A6316CAC1}"
EndProject
Project("{FAE04EC0-301F-11D3-BF4B-00C04F79EFBC}") = "02.EnterNumbers", "02.EnterNumbers\02.EnterNumbers.csproj", "{EEE2DCC0-0F67-4911-B51E-3829949AA9C7}"
EndProject
Project("{FAE04EC0-301F-11D3-BF4B-00C04F79EFBC}") = "03.ReadFileContents", "03.ReadFileContents\03.ReadFileContents.csproj", "{B2938E1C-751D-48C5-BB7C-90BF617AE8F1}"
EndProject
Project("{FAE04EC0-301F-11D3-BF4B-00C04F79EFBC}") = "04.DownloadFile", "04.DownloadFile\04.DownloadFile.csproj", "{8634475A-05A2-4F5A-86DB-F3F9627F19AF}"
EndProject
Global
	GlobalSection(SolutionConfigurationPlatforms) = preSolution
		Debug|Any CPU = Debug|Any CPU
		Release|Any CPU = Release|Any CPU
	EndGlobalSection
	GlobalSection(ProjectConfigurationPlatforms) = postSolution
		{26125CC7-E422-49BA-BA86-223A6316CAC1}.Debug|Any CPU.ActiveCfg = Debug|Any CPU
		{26125CC7-E422-49BA-BA86-223A6316CAC1}.Debug|Any CPU.Build.0 = Debug|Any CPU
		{26125CC7-E422-49BA-BA86-223A6316CAC1}.Release|Any CPU.ActiveCfg = Release|Any CPU
		{26125CC7-E422-49BA-BA86-223A6316CAC1}.Release|Any CPU.Build.0 = Release|Any CPU
		{EEE2DCC0-0F67-4911-B51E-3829949AA9C7}.Debug|Any CPU.ActiveCfg = Debug|Any CPU
		{EEE2DCC0-0F67-4911-B51E-3829949AA9C7}.Debug|Any CPU.Build.0 = Debug|Any CPU
		{EEE2DCC0-0F67-4911-B51E-3829949AA9C7}.Release|Any CPU.ActiveCfg = Release|Any CPU
		{EEE2DCC0-0F67-4911-B51E-3829949AA9C7}.Release|Any CPU.Build.0 = Release|Any CPU
		{B2938E1C-751D-48C5-BB7C-90BF617AE8F1}.Debug|Any CPU.ActiveCfg = Debug|Any CPU
		{B2938E1C-751D-48C5-BB7C-90BF617AE8F1}.Debug|Any CPU.Build.0 = Debug|Any CPU
		{B2938E1C-751D-48C5-BB7C-90BF617AE8F1}.Release|Any CPU.ActiveCfg = Release|Any CPU
		{B2938E1C-751D-48C5-BB7C-90BF617AE8F1}.Release|Any CPU.Build.0 = Release|Any CPU
		{8634475A-05A2-4F5A-86DB-F3F9627F19AF}.Debug|Any CPU.ActiveCfg = Debug|Any CPU
		{8634475A-05A2-4F5A-86DB-F3F9627F19AF}.Debug|Any CPU.Build.0 = Debug|Any CPU
		{8634475A-05A2-4F5A-86DB-F3F9627F19AF}.Release|Any CPU.ActiveCfg = Release|Any CPU
		{8634475A-05A2-4F5A-86DB-F3F9627F19AF}.Release|Any CPU.Build.0 = Release|Any CPU
	EndGlobalSection
	GlobalSection(SolutionProperties) = preSolution
		HideSolutionNode = FALSE
	EndGlobalSection
EndGlobal
