
Microsoft Visual Studio Solution File, Format Version 12.00
# Visual Studio 2013
VisualStudioVersion = 12.0.31101.0
MinimumVisualStudioVersion = 10.0.40219.1
Project("{FAE04EC0-301F-11D3-BF4B-00C04F79EFBC}") = "01.SchoolClasses", "01.SchoolClasses\01.SchoolClasses.csproj", "{78BBBE39-D0E8-4830-9ED0-386BF00F0979}"
EndProject
Project("{FAE04EC0-301F-11D3-BF4B-00C04F79EFBC}") = "02.StudentsAndWorkers", "02.StudentsAndWorkers\02.StudentsAndWorkers.csproj", "{62FA3FC7-71F2-42D6-96C1-30F81E9BAA6C}"
EndProject
Project("{FAE04EC0-301F-11D3-BF4B-00C04F79EFBC}") = "03.AnimalHierarchy", "03.AnimalHierarchy\03.AnimalHierarchy.csproj", "{ED846340-D5A9-4F72-AAEE-14A7EAB7FC97}"
EndProject
Global
	GlobalSection(SolutionConfigurationPlatforms) = preSolution
		Debug|Any CPU = Debug|Any CPU
		Release|Any CPU = Release|Any CPU
	EndGlobalSection
	GlobalSection(ProjectConfigurationPlatforms) = postSolution
		{78BBBE39-D0E8-4830-9ED0-386BF00F0979}.Debug|Any CPU.ActiveCfg = Debug|Any CPU
		{78BBBE39-D0E8-4830-9ED0-386BF00F0979}.Debug|Any CPU.Build.0 = Debug|Any CPU
		{78BBBE39-D0E8-4830-9ED0-386BF00F0979}.Release|Any CPU.ActiveCfg = Release|Any CPU
		{78BBBE39-D0E8-4830-9ED0-386BF00F0979}.Release|Any CPU.Build.0 = Release|Any CPU
		{62FA3FC7-71F2-42D6-96C1-30F81E9BAA6C}.Debug|Any CPU.ActiveCfg = Debug|Any CPU
		{62FA3FC7-71F2-42D6-96C1-30F81E9BAA6C}.Debug|Any CPU.Build.0 = Debug|Any CPU
		{62FA3FC7-71F2-42D6-96C1-30F81E9BAA6C}.Release|Any CPU.ActiveCfg = Release|Any CPU
		{62FA3FC7-71F2-42D6-96C1-30F81E9BAA6C}.Release|Any CPU.Build.0 = Release|Any CPU
		{ED846340-D5A9-4F72-AAEE-14A7EAB7FC97}.Debug|Any CPU.ActiveCfg = Debug|Any CPU
		{ED846340-D5A9-4F72-AAEE-14A7EAB7FC97}.Debug|Any CPU.Build.0 = Debug|Any CPU
		{ED846340-D5A9-4F72-AAEE-14A7EAB7FC97}.Release|Any CPU.ActiveCfg = Release|Any CPU
		{ED846340-D5A9-4F72-AAEE-14A7EAB7FC97}.Release|Any CPU.Build.0 = Release|Any CPU
	EndGlobalSection
	GlobalSection(SolutionProperties) = preSolution
		HideSolutionNode = FALSE
	EndGlobalSection
EndGlobal
