
Microsoft Visual Studio Solution File, Format Version 12.00
# Visual Studio 2013
VisualStudioVersion = 12.0.31101.0
MinimumVisualStudioVersion = 10.0.40219.1
Project("{FAE04EC0-301F-11D3-BF4B-00C04F79EFBC}") = "01.SumOf3Numbers", "01.SumOf3Numbers\01.SumOf3Numbers.csproj", "{120F16C3-6CBC-46C8-8F0B-C20D0D00A0FE}"
EndProject
Project("{FAE04EC0-301F-11D3-BF4B-00C04F79EFBC}") = "02.PrintCompanyInformation", "02.PrintCompanyInformation\02.PrintCompanyInformation.csproj", "{A4267EEC-9012-4304-9E84-FC493945B627}"
EndProject
Project("{FAE04EC0-301F-11D3-BF4B-00C04F79EFBC}") = "03.CirclePerimeterAndArea", "03.CirclePerimeterAndArea\03.CirclePerimeterAndArea.csproj", "{32C2B142-F478-4C6E-A91A-52D308505863}"
EndProject
Project("{FAE04EC0-301F-11D3-BF4B-00C04F79EFBC}") = "04.NumberComparer", "04.NumberComparer\04.NumberComparer.csproj", "{FF6A1FAB-AA1A-403F-B7E4-71BA85D2C0E8}"
EndProject
Project("{FAE04EC0-301F-11D3-BF4B-00C04F79EFBC}") = "05.FormattingNumbers", "05.FormattingNumbers\05.FormattingNumbers.csproj", "{323A8E9B-E758-492C-A3F8-32963F492636}"
EndProject
Project("{FAE04EC0-301F-11D3-BF4B-00C04F79EFBC}") = "06.QuadraticEquation", "06.QuadraticEquation\06.QuadraticEquation.csproj", "{6FCA88F4-63E5-4364-94E0-6D618A254708}"
EndProject
Project("{FAE04EC0-301F-11D3-BF4B-00C04F79EFBC}") = "07.SumOf5Numbers", "07.SumOf5Numbers\07.SumOf5Numbers.csproj", "{C921DBA1-963E-40CF-B8BD-6C9D3AE9D379}"
EndProject
Project("{FAE04EC0-301F-11D3-BF4B-00C04F79EFBC}") = "08. NumbersFrom1ToN", "08. NumbersFrom1ToN\08. NumbersFrom1ToN.csproj", "{235162EC-2B6C-4E16-9994-614027785DB3}"
EndProject
Project("{FAE04EC0-301F-11D3-BF4B-00C04F79EFBC}") = "09.SumOfNNumbers", "09.SumOfNNumbers\09.SumOfNNumbers.csproj", "{8E636C47-EB10-4DE8-BCE3-55159C00560B}"
EndProject
Project("{FAE04EC0-301F-11D3-BF4B-00C04F79EFBC}") = "10.FibonacciNumbers", "10.FibonacciNumbers\10.FibonacciNumbers.csproj", "{348F48D5-1A74-46D3-82DD-A0807BB5986B}"
EndProject
Project("{FAE04EC0-301F-11D3-BF4B-00C04F79EFBC}") = "11.NumbersInIntervalDividableByGivenNumber", "11.NumbersInIntervalDividableByGivenNumber\11.NumbersInIntervalDividableByGivenNumber.csproj", "{A0C965F9-65B2-4326-8F2D-1D523790F6DD}"
EndProject
Global
	GlobalSection(SolutionConfigurationPlatforms) = preSolution
		Debug|Any CPU = Debug|Any CPU
		Release|Any CPU = Release|Any CPU
	EndGlobalSection
	GlobalSection(ProjectConfigurationPlatforms) = postSolution
		{120F16C3-6CBC-46C8-8F0B-C20D0D00A0FE}.Debug|Any CPU.ActiveCfg = Debug|Any CPU
		{120F16C3-6CBC-46C8-8F0B-C20D0D00A0FE}.Debug|Any CPU.Build.0 = Debug|Any CPU
		{120F16C3-6CBC-46C8-8F0B-C20D0D00A0FE}.Release|Any CPU.ActiveCfg = Release|Any CPU
		{120F16C3-6CBC-46C8-8F0B-C20D0D00A0FE}.Release|Any CPU.Build.0 = Release|Any CPU
		{A4267EEC-9012-4304-9E84-FC493945B627}.Debug|Any CPU.ActiveCfg = Debug|Any CPU
		{A4267EEC-9012-4304-9E84-FC493945B627}.Debug|Any CPU.Build.0 = Debug|Any CPU
		{A4267EEC-9012-4304-9E84-FC493945B627}.Release|Any CPU.ActiveCfg = Release|Any CPU
		{A4267EEC-9012-4304-9E84-FC493945B627}.Release|Any CPU.Build.0 = Release|Any CPU
		{32C2B142-F478-4C6E-A91A-52D308505863}.Debug|Any CPU.ActiveCfg = Debug|Any CPU
		{32C2B142-F478-4C6E-A91A-52D308505863}.Debug|Any CPU.Build.0 = Debug|Any CPU
		{32C2B142-F478-4C6E-A91A-52D308505863}.Release|Any CPU.ActiveCfg = Release|Any CPU
		{32C2B142-F478-4C6E-A91A-52D308505863}.Release|Any CPU.Build.0 = Release|Any CPU
		{FF6A1FAB-AA1A-403F-B7E4-71BA85D2C0E8}.Debug|Any CPU.ActiveCfg = Debug|Any CPU
		{FF6A1FAB-AA1A-403F-B7E4-71BA85D2C0E8}.Debug|Any CPU.Build.0 = Debug|Any CPU
		{FF6A1FAB-AA1A-403F-B7E4-71BA85D2C0E8}.Release|Any CPU.ActiveCfg = Release|Any CPU
		{FF6A1FAB-AA1A-403F-B7E4-71BA85D2C0E8}.Release|Any CPU.Build.0 = Release|Any CPU
		{323A8E9B-E758-492C-A3F8-32963F492636}.Debug|Any CPU.ActiveCfg = Debug|Any CPU
		{323A8E9B-E758-492C-A3F8-32963F492636}.Debug|Any CPU.Build.0 = Debug|Any CPU
		{323A8E9B-E758-492C-A3F8-32963F492636}.Release|Any CPU.ActiveCfg = Release|Any CPU
		{323A8E9B-E758-492C-A3F8-32963F492636}.Release|Any CPU.Build.0 = Release|Any CPU
		{6FCA88F4-63E5-4364-94E0-6D618A254708}.Debug|Any CPU.ActiveCfg = Debug|Any CPU
		{6FCA88F4-63E5-4364-94E0-6D618A254708}.Debug|Any CPU.Build.0 = Debug|Any CPU
		{6FCA88F4-63E5-4364-94E0-6D618A254708}.Release|Any CPU.ActiveCfg = Release|Any CPU
		{6FCA88F4-63E5-4364-94E0-6D618A254708}.Release|Any CPU.Build.0 = Release|Any CPU
		{C921DBA1-963E-40CF-B8BD-6C9D3AE9D379}.Debug|Any CPU.ActiveCfg = Debug|Any CPU
		{C921DBA1-963E-40CF-B8BD-6C9D3AE9D379}.Debug|Any CPU.Build.0 = Debug|Any CPU
		{C921DBA1-963E-40CF-B8BD-6C9D3AE9D379}.Release|Any CPU.ActiveCfg = Release|Any CPU
		{C921DBA1-963E-40CF-B8BD-6C9D3AE9D379}.Release|Any CPU.Build.0 = Release|Any CPU
		{235162EC-2B6C-4E16-9994-614027785DB3}.Debug|Any CPU.ActiveCfg = Debug|Any CPU
		{235162EC-2B6C-4E16-9994-614027785DB3}.Debug|Any CPU.Build.0 = Debug|Any CPU
		{235162EC-2B6C-4E16-9994-614027785DB3}.Release|Any CPU.ActiveCfg = Release|Any CPU
		{235162EC-2B6C-4E16-9994-614027785DB3}.Release|Any CPU.Build.0 = Release|Any CPU
		{8E636C47-EB10-4DE8-BCE3-55159C00560B}.Debug|Any CPU.ActiveCfg = Debug|Any CPU
		{8E636C47-EB10-4DE8-BCE3-55159C00560B}.Debug|Any CPU.Build.0 = Debug|Any CPU
		{8E636C47-EB10-4DE8-BCE3-55159C00560B}.Release|Any CPU.ActiveCfg = Release|Any CPU
		{8E636C47-EB10-4DE8-BCE3-55159C00560B}.Release|Any CPU.Build.0 = Release|Any CPU
		{348F48D5-1A74-46D3-82DD-A0807BB5986B}.Debug|Any CPU.ActiveCfg = Debug|Any CPU
		{348F48D5-1A74-46D3-82DD-A0807BB5986B}.Debug|Any CPU.Build.0 = Debug|Any CPU
		{348F48D5-1A74-46D3-82DD-A0807BB5986B}.Release|Any CPU.ActiveCfg = Release|Any CPU
		{348F48D5-1A74-46D3-82DD-A0807BB5986B}.Release|Any CPU.Build.0 = Release|Any CPU
		{A0C965F9-65B2-4326-8F2D-1D523790F6DD}.Debug|Any CPU.ActiveCfg = Debug|Any CPU
		{A0C965F9-65B2-4326-8F2D-1D523790F6DD}.Debug|Any CPU.Build.0 = Debug|Any CPU
		{A0C965F9-65B2-4326-8F2D-1D523790F6DD}.Release|Any CPU.ActiveCfg = Release|Any CPU
		{A0C965F9-65B2-4326-8F2D-1D523790F6DD}.Release|Any CPU.Build.0 = Release|Any CPU
	EndGlobalSection
	GlobalSection(SolutionProperties) = preSolution
		HideSolutionNode = FALSE
	EndGlobalSection
EndGlobal
